github.com/payfazz/go-errors v0.0.0-20190711134948-8a4ebc57f82c h1:UGPmevy7j1nfRsHTp7Rs98YpFQ1Z3o88eN33GpeWoak=
github.com/payfazz/go-errors v0.0.0-20190711134948-8a4ebc57f82c/go.mod h1:r3pZyLA1i/ujbAQGUqIkx7/kRE8YIWyv9fwldSdEHBQ=
github.com/payfazz/go-oneliner v0.0.0-20190629104958-783fdaa365fa h1:r3/2vmsmg5oZiMO9OtLp4xbges5y1T5uG7QYXccgSuw=
github.com/payfazz/go-oneliner v0.0.0-20190629104958-783fdaa365fa/go.mod h1:ZSb9i6cykubVVdDSE6uD07rL6TGUIqnzGFbN5MO+A5I=
github.com/payfazz/stdlog v0.0.0-20190711125234-afdf2c9eef52 h1:0yx2qpk8967V5Ztg7HopnMsCAxJ3UFds8SMhklRuGq4=
github.com/payfazz/stdlog v0.0.0-20190711125234-afdf2c9eef52/go.mod h1:JQXR+Xqjp3w0NCdhvKPTUApigqj5QWOZMX5EnHIjy9s=
